{
  "name": "bench-wasmcurves",
  "lockfileVersion": 3,
  "requires": true,
  "packages": {
    "": {
      "name": "bench-wasmcurves",
      "dependencies": {
        "wasm": "../pkg"
      }
    },
    "../pkg": {
      "name": "wasm32-u32-u128",
      "version": "0.1.0"
    },
    "node_modules/wasm": {
      "resolved": "../pkg",
      "link": true
    }
  }
}
